
Microsoft Visual Studio Solution File, Format Version 12.00
# Visual Studio Version 16
VisualStudioVersion = 16.0.31321.278
MinimumVisualStudioVersion = 10.0.40219.1
Project("{FAE04EC0-301F-11D3-BF4B-00C04F79EFBC}") = "Comp", "Comp\Comp.csproj", "{52ECD289-9873-472B-92E8-7AA2910EBF0A}"
EndProject
Global
	GlobalSection(SolutionConfigurationPlatforms) = preSolution
		Debug|Any CPU = Debug|Any CPU
		Release|Any CPU = Release|Any CPU
	EndGlobalSection
	GlobalSection(ProjectConfigurationPlatforms) = postSolution
		{52ECD289-9873-472B-92E8-7AA2910EBF0A}.Debug|Any CPU.ActiveCfg = Debug|Any CPU
		{52ECD289-9873-472B-92E8-7AA2910EBF0A}.Debug|Any CPU.Build.0 = Debug|Any CPU
		{52ECD289-9873-472B-92E8-7AA2910EBF0A}.Release|Any CPU.ActiveCfg = Release|Any CPU
		{52ECD289-9873-472B-92E8-7AA2910EBF0A}.Release|Any CPU.Build.0 = Release|Any CPU
	EndGlobalSection
	GlobalSection(SolutionProperties) = preSolution
		HideSolutionNode = FALSE
	EndGlobalSection
	GlobalSection(ExtensibilityGlobals) = postSolution
		SolutionGuid = {DBBC4992-31E1-47D2-B292-427746373FDA}
	EndGlobalSection
EndGlobal
